
Microsoft Visual Studio Solution File, Format Version 12.00
# Visual Studio Version 17
VisualStudioVersion = 17.9.34607.119
MinimumVisualStudioVersion = 10.0.40219.1
Project("{FAE04EC0-301F-11D3-BF4B-00C04F79EFBC}") = "Quiz", "Quiz.csproj", "{18757336-82F8-4A2A-9977-75E2135E482F}"
EndProject
Global
	GlobalSection(SolutionConfigurationPlatforms) = preSolution
		Debug|Any CPU = Debug|Any CPU
		Release|Any CPU = Release|Any CPU
	EndGlobalSection
	GlobalSection(ProjectConfigurationPlatforms) = postSolution
		{18757336-82F8-4A2A-9977-75E2135E482F}.Debug|Any CPU.ActiveCfg = Debug|Any CPU
		{18757336-82F8-4A2A-9977-75E2135E482F}.Debug|Any CPU.Build.0 = Debug|Any CPU
		{18757336-82F8-4A2A-9977-75E2135E482F}.Release|Any CPU.ActiveCfg = Release|Any CPU
		{18757336-82F8-4A2A-9977-75E2135E482F}.Release|Any CPU.Build.0 = Release|Any CPU
	EndGlobalSection
	GlobalSection(SolutionProperties) = preSolution
		HideSolutionNode = FALSE
	EndGlobalSection
	GlobalSection(ExtensibilityGlobals) = postSolution
		SolutionGuid = {48124C92-FA2F-47E3-B3B7-120A8C2E2E7F}
	EndGlobalSection
EndGlobal
